
Microsoft Visual Studio Solution File, Format Version 12.00
# Visual Studio 15
VisualStudioVersion = 15.0.28010.2036
MinimumVisualStudioVersion = 10.0.40219.1
Project("{8BC9CEB8-8B4A-11D0-8D11-00A0C91BC942}") = "CheckConectivity", "CheckConectivity.vcxproj", "{57CF442F-FD58-420A-A332-03C49EC85D4E}"
EndProject
Global
	GlobalSection(SolutionConfigurationPlatforms) = preSolution
		Debug|x64 = Debug|x64
		Debug|x86 = Debug|x86
		Release|x64 = Release|x64
		Release|x86 = Release|x86
	EndGlobalSection
	GlobalSection(ProjectConfigurationPlatforms) = postSolution
		{57CF442F-FD58-420A-A332-03C49EC85D4E}.Debug|x64.ActiveCfg = Debug|x64
		{57CF442F-FD58-420A-A332-03C49EC85D4E}.Debug|x64.Build.0 = Debug|x64
		{57CF442F-FD58-420A-A332-03C49EC85D4E}.Debug|x86.ActiveCfg = Debug|Win32
		{57CF442F-FD58-420A-A332-03C49EC85D4E}.Debug|x86.Build.0 = Debug|Win32
		{57CF442F-FD58-420A-A332-03C49EC85D4E}.Release|x64.ActiveCfg = Release|x64
		{57CF442F-FD58-420A-A332-03C49EC85D4E}.Release|x64.Build.0 = Release|x64
		{57CF442F-FD58-420A-A332-03C49EC85D4E}.Release|x86.ActiveCfg = Release|Win32
		{57CF442F-FD58-420A-A332-03C49EC85D4E}.Release|x86.Build.0 = Release|Win32
	EndGlobalSection
	GlobalSection(SolutionProperties) = preSolution
		HideSolutionNode = FALSE
	EndGlobalSection
	GlobalSection(ExtensibilityGlobals) = postSolution
		SolutionGuid = {4AFC43BC-4C67-42F4-A151-CF80EE65CD1A}
	EndGlobalSection
EndGlobal
